
Microsoft Visual Studio Solution File, Format Version 12.00
# Visual Studio Version 16
VisualStudioVersion = 16.0.29424.173
MinimumVisualStudioVersion = 10.0.40219.1
Project("{9A19103F-16F7-4668-BE54-9A1E7A4F7556}") = "PurpChat", "PurpChat\PurpChat.csproj", "{86376714-E963-493A-9ACC-53BF83335CED}"
EndProject
Global
	GlobalSection(SolutionConfigurationPlatforms) = preSolution
		Debug|Any CPU = Debug|Any CPU
		Release|Any CPU = Release|Any CPU
	EndGlobalSection
	GlobalSection(ProjectConfigurationPlatforms) = postSolution
		{86376714-E963-493A-9ACC-53BF83335CED}.Debug|Any CPU.ActiveCfg = Debug|Any CPU
		{86376714-E963-493A-9ACC-53BF83335CED}.Debug|Any CPU.Build.0 = Debug|Any CPU
		{86376714-E963-493A-9ACC-53BF83335CED}.Release|Any CPU.ActiveCfg = Release|Any CPU
		{86376714-E963-493A-9ACC-53BF83335CED}.Release|Any CPU.Build.0 = Release|Any CPU
	EndGlobalSection
	GlobalSection(SolutionProperties) = preSolution
		HideSolutionNode = FALSE
	EndGlobalSection
	GlobalSection(ExtensibilityGlobals) = postSolution
		SolutionGuid = {373C2838-3883-461A-BF2C-C9BCD3499A34}
	EndGlobalSection
EndGlobal
